// !$*UTF8*$!
{
	archiveVersion = 1;
	classes = {
	};
	objectVersion = 46;
	objects = {

/* Begin PBXBuildFile section */
		83ABEEE51543DB66002DC754 /* main.cpp in Sources */ = {isa = PBXBuildFile; fileRef = 83ABEEE41543DB66002DC754 /* main.cpp */; };
		83ABEEE71543DB66002DC754 /* SuckerPunch.1 in CopyFiles */ = {isa = PBXBuildFile; fileRef = 83ABEEE61543DB66002DC754 /* SuckerPunch.1 */; };
/* End PBXBuildFile section */

/* Begin PBXCopyFilesBuildPhase section */
		83ABEEDE1543DB66002DC754 /* CopyFiles */ = {
			isa = PBXCopyFilesBuildPhase;
			buildActionMask = 2147483647;
			dstPath = /usr/share/man/man1/;
			dstSubfolderSpec = 0;
			files = (
				83ABEEE71543DB66002DC754 /* SuckerPunch.1 in CopyFiles */,
			);
			runOnlyForDeploymentPostprocessing = 1;
		};
/* End PBXCopyFilesBuildPhase section */

/* Begin PBXFileReference section */
		83ABEEE01543DB66002DC754 /* SuckerPunch */ = {isa = PBXFileReference; explicitFileType = "compiled.mach-o.executable"; includeInIndex = 0; path = SuckerPunch; sourceTree = BUILT_PRODUCTS_DIR; };
		83ABEEE41543DB66002DC754 /* main.cpp */ = {isa = PBXFileReference; lastKnownFileType = sourcecode.cpp.cpp; path = main.cpp; sourceTree = "<group>"; };
		83ABEEE61543DB66002DC754 /* SuckerPunch.1 */ = {isa = PBXFileReference; lastKnownFileType = text.man; path = SuckerPunch.1; sourceTree = "<group>"; };
/* End PBXFileReference section */

/* Begin PBXFrameworksBuildPhase section */
		83ABEEDD1543DB66002DC754 /* Frameworks */ = {
			isa = PBXFrameworksBuildPhase;
			buildActionMask = 2147483647;
			files = (
			);
			runOnlyForDeploymentPostprocessing = 0;
		};
/* End PBXFrameworksBuildPhase section */

/* Begin PBXGroup section */
		83ABEED51543DB66002DC754 = {
			isa = PBXGroup;
			children = (
				83ABEEE31543DB66002DC754 /* SuckerPunch */,
				83ABEEE11543DB66002DC754 /* Products */,
			);
			sourceTree = "<group>";
		};
		83ABEEE11543DB66002DC754 /* Products */ = {
			isa = PBXGroup;
			children = (
				83ABEEE01543DB66002DC754 /* SuckerPunch */,
			);
			name = Products;
			sourceTree = "<group>";
		};
		83ABEEE31543DB66002DC754 /* SuckerPunch */ = {
			isa = PBXGroup;
			children = (
				83ABEEE41543DB66002DC754 /* main.cpp */,
				83ABEEE61543DB66002DC754 /* SuckerPunch.1 */,
			);
			path = SuckerPunch;
			sourceTree = "<group>";
		};
/* End PBXGroup section */

/* Begin PBXNativeTarget section */
		83ABEEDF1543DB66002DC754 /* SuckerPunch */ = {
			isa = PBXNativeTarget;
			buildConfigurationList = 83ABEEEA1543DB66002DC754 /* Build configuration list for PBXNativeTarget "SuckerPunch" */;
			buildPhases = (
				83ABEEDC1543DB66002DC754 /* Sources */,
				83ABEEDD1543DB66002DC754 /* Frameworks */,
				83ABEEDE1543DB66002DC754 /* CopyFiles */,
			);
			buildRules = (
			);
			dependencies = (
			);
			name = SuckerPunch;
			productName = SuckerPunch;
			productReference = 83ABEEE01543DB66002DC754 /* SuckerPunch */;
			productType = "com.apple.product-type.tool";
		};
/* End PBXNativeTarget section */

/* Begin PBXProject section */
		83ABEED71543DB66002DC754 /* Project object */ = {
			isa = PBXProject;
			attributes = {
				LastUpgradeCheck = 0430;
			};
			buildConfigurationList = 83ABEEDA1543DB66002DC754 /* Build configuration list for PBXProject "SuckerPunch" */;
			compatibilityVersion = "Xcode 3.2";
			developmentRegion = English;
			hasScannedForEncodings = 0;
			knownRegions = (
				en,
			);
			mainGroup = 83ABEED51543DB66002DC754;
			productRefGroup = 83ABEEE11543DB66002DC754 /* Products */;
			projectDirPath = "";
			projectRoot = "";
			targets = (
				83ABEEDF1543DB66002DC754 /* SuckerPunch */,
			);
		};
/* End PBXProject section */

/* Begin PBXSourcesBuildPhase section */
		83ABEEDC1543DB66002DC754 /* Sources */ = {
			isa = PBXSourcesBuildPhase;
			buildActionMask = 2147483647;
			files = (
				83ABEEE51543DB66002DC754 /* main.cpp in Sources */,
			);
			runOnlyForDeploymentPostprocessing = 0;
		};
/* End PBXSourcesBuildPhase section */

/* Begin XCBuildConfiguration section */
		83ABEEE81543DB66002DC754 /* Debug */ = {
			isa = XCBuildConfiguration;
			buildSettings = {
				ALWAYS_SEARCH_USER_PATHS = NO;
				ARCHS = "$(ARCHS_STANDARD_64_BIT)";
				CLANG_ENABLE_OBJC_ARC = YES;
				COPY_PHASE_STRIP = NO;
				GCC_C_LANGUAGE_STANDARD = gnu99;
				GCC_DYNAMIC_NO_PIC = NO;
				GCC_ENABLE_OBJC_EXCEPTIONS = YES;
				GCC_OPTIMIZATION_LEVEL = 0;
				GCC_PREPROCESSOR_DEFINITIONS = (
					"DEBUG=1",
					"$(inherited)",
				);
				GCC_SYMBOLS_PRIVATE_EXTERN = NO;
				GCC_VERSION = com.apple.compilers.llvm.clang.1_0;
				GCC_WARN_64_TO_32_BIT_CONVERSION = YES;
				GCC_WARN_ABOUT_RETURN_TYPE = YES;
				GCC_WARN_UNINITIALIZED_AUTOS = YES;
				GCC_WARN_UNUSED_VARIABLE = YES;
				MACOSX_DEPLOYMENT_TARGET = 10.7;
				ONLY_ACTIVE_ARCH = YES;
				SDKROOT = macosx;
			};
			name = Debug;
		};
		83ABEEE91543DB66002DC754 /* Release */ = {
			isa = XCBuildConfiguration;
			buildSettings = {
				ALWAYS_SEARCH_USER_PATHS = NO;
				ARCHS = "$(ARCHS_STANDARD_64_BIT)";
				CLANG_ENABLE_OBJC_ARC = YES;
				COPY_PHASE_STRIP = YES;
				DEBUG_INFORMATION_FORMAT = "dwarf-with-dsym";
				GCC_C_LANGUAGE_STANDARD = gnu99;
				GCC_ENABLE_OBJC_EXCEPTIONS = YES;
				GCC_VERSION = com.apple.compilers.llvm.clang.1_0;
				GCC_WARN_64_TO_32_BIT_CONVERSION = YES;
				GCC_WARN_ABOUT_RETURN_TYPE = YES;
				GCC_WARN_UNINITIALIZED_AUTOS = YES;
				GCC_WARN_UNUSED_VARIABLE = YES;
				MACOSX_DEPLOYMENT_TARGET = 10.7;
				SDKROOT = macosx;
			};
			name = Release;
		};
		83ABEEEB1543DB66002DC754 /* Debug */ = {
			isa = XCBuildConfiguration;
			buildSettings = {
				PRODUCT_NAME = "$(TARGET_NAME)";
			};
			name = Debug;
		};
		83ABEEEC1543DB66002DC754 /* Release */ = {
			isa = XCBuildConfiguration;
			buildSettings = {
				PRODUCT_NAME = "$(TARGET_NAME)";
			};
			name = Release;
		};
/* End XCBuildConfiguration section */

/* Begin XCConfigurationList section */
		83ABEEDA1543DB66002DC754 /* Build configuration list for PBXProject "SuckerPunch" */ = {
			isa = XCConfigurationList;
			buildConfigurations = (
				83ABEEE81543DB66002DC754 /* Debug */,
				83ABEEE91543DB66002DC754 /* Release */,
			);
			defaultConfigurationIsVisible = 0;
			defaultConfigurationName = Release;
		};
		83ABEEEA1543DB66002DC754 /* Build configuration list for PBXNativeTarget "SuckerPunch" */ = {
			isa = XCConfigurationList;
			buildConfigurations = (
				83ABEEEB1543DB66002DC754 /* Debug */,
				83ABEEEC1543DB66002DC754 /* Release */,
			);
			defaultConfigurationIsVisible = 0;
		};
/* End XCConfigurationList section */
	};
	rootObject = 83ABEED71543DB66002DC754 /* Project object */;
}
